
Microsoft Visual Studio Solution File, Format Version 12.00
# Visual Studio Version 17
VisualStudioVersion = 17.0.31903.59
MinimumVisualStudioVersion = 10.0.40219.1
Project("{2150E333-8FDC-42A3-9474-1A3956D46DE8}") = "src", "src", "{827E0CD3-B72D-47B6-A68D-7590B98EB39B}"
EndProject
Project("{FAE04EC0-301F-11D3-BF4B-00C04F79EFBC}") = "FinXmlProcessor.Application", "src\FinXmlProcessor.Application\FinXmlProcessor.Application.csproj", "{16ED25BE-BB75-45E3-8F66-013525A280B0}"
EndProject
Project("{FAE04EC0-301F-11D3-BF4B-00C04F79EFBC}") = "FinXmlProcessor.Domain", "src\FinXmlProcessor.Domain\FinXmlProcessor.Domain.csproj", "{FC44E5AD-7BC0-41FE-94C0-53F39AEC404A}"
EndProject
Project("{FAE04EC0-301F-11D3-BF4B-00C04F79EFBC}") = "FinXmlProcessor.Desktop", "src\FinXmlProcessor.Desktop\FinXmlProcessor.Desktop.csproj", "{10E24123-FEDE-4104-8D28-4C6B03F9425F}"
EndProject
Project("{FAE04EC0-301F-11D3-BF4B-00C04F79EFBC}") = "FinXmlProcessor.Infrastructure", "src\FinXmlProcessor.Infrastructure\FinXmlProcessor.Infrastructure.csproj", "{83317C3E-B018-4CB4-8889-701FE6C4C12B}"
EndProject
Project("{FAE04EC0-301F-11D3-BF4B-00C04F79EFBC}") = "FinXmlProcessor.Processing.Xml", "src\FinXmlProcessor.Processing.Xml\FinXmlProcessor.Processing.Xml.csproj", "{C7A19E89-932A-4BC2-9614-9DB6BB45211E}"
EndProject
Project("{FAE04EC0-301F-11D3-BF4B-00C04F79EFBC}") = "FinXmlProcessor.Output.Excel", "src\FinXmlProcessor.Output.Excel\FinXmlProcessor.Output.Excel.csproj", "{B2EAE79F-10CE-47BB-A31E-5E728324448D}"
EndProject
Project("{FAE04EC0-301F-11D3-BF4B-00C04F79EFBC}") = "FinXmlProcessor.Worker", "src\FinXmlProcessor.Worker\FinXmlProcessor.Worker.csproj", "{3007547C-3DBD-4358-99AD-7395DDD66B76}"
EndProject
Project("{2150E333-8FDC-42A3-9474-1A3956D46DE8}") = "tests", "tests", "{0AB3BF05-4346-4AA6-1389-037BE0695223}"
EndProject
Project("{FAE04EC0-301F-11D3-BF4B-00C04F79EFBC}") = "FinXmlProcessor.Application.Tests", "tests\FinXmlProcessor.Application.Tests\FinXmlProcessor.Application.Tests.csproj", "{18273C2E-78DB-4591-8F9A-B3E4509F8574}"
EndProject
Project("{FAE04EC0-301F-11D3-BF4B-00C04F79EFBC}") = "FinXmlProcessor.Domain.Tests", "tests\FinXmlProcessor.Domain.Tests\FinXmlProcessor.Domain.Tests.csproj", "{D2B16811-1201-4862-8E85-B937AF686A5F}"
EndProject
Project("{FAE04EC0-301F-11D3-BF4B-00C04F79EFBC}") = "FinXmlProcessor.Infrastructure.Tests", "tests\FinXmlProcessor.Infrastructure.Tests\FinXmlProcessor.Infrastructure.Tests.csproj", "{FD73EAC0-C884-4A8B-957B-308428305973}"
EndProject
Project("{FAE04EC0-301F-11D3-BF4B-00C04F79EFBC}") = "FinXmlProcessor.IntegrationTests", "tests\FinXmlProcessor.IntegrationTests\FinXmlProcessor.IntegrationTests.csproj", "{2909BF16-AF25-422A-A30F-D954DD114F5E}"
EndProject
Project("{2150E333-8FDC-42A3-9474-1A3956D46DE8}") = "tools", "tools", "{07C2787E-EAC7-C090-1BA3-A61EC2A24D84}"
EndProject
Project("{FAE04EC0-301F-11D3-BF4B-00C04F79EFBC}") = "FinXmlProcessor.TestDataGenerator", "tools\FinXmlProcessor.TestDataGenerator\FinXmlProcessor.TestDataGenerator.csproj", "{7E228400-2F68-470E-A30A-29055EBE8B96}"
EndProject
Project("{FAE04EC0-301F-11D3-BF4B-00C04F79EFBC}") = "FinXmlProcessor.Output.Excel.Tests", "tests\FinXmlProcessor.Output.Excel.Tests\FinXmlProcessor.Output.Excel.Tests.csproj", "{1900FC3C-F39F-46F6-9FF9-54979E6F8D8F}"
EndProject
Project("{FAE04EC0-301F-11D3-BF4B-00C04F79EFBC}") = "FinXmlProcessor.Processing.Xml.Tests", "tests\FinXmlProcessor.Processing.Xml.Tests\FinXmlProcessor.Processing.Xml.Tests.csproj", "{4A1F89FD-CB4C-48F4-BCAD-11D6A8DA61E7}"
EndProject
Global
	GlobalSection(SolutionConfigurationPlatforms) = preSolution
		Debug|Any CPU = Debug|Any CPU
		Debug|x64 = Debug|x64
		Debug|x86 = Debug|x86
		Release|Any CPU = Release|Any CPU
		Release|x64 = Release|x64
		Release|x86 = Release|x86
	EndGlobalSection
	GlobalSection(ProjectConfigurationPlatforms) = postSolution
		{16ED25BE-BB75-45E3-8F66-013525A280B0}.Debug|Any CPU.ActiveCfg = Debug|Any CPU
		{16ED25BE-BB75-45E3-8F66-013525A280B0}.Debug|Any CPU.Build.0 = Debug|Any CPU
		{16ED25BE-BB75-45E3-8F66-013525A280B0}.Debug|x64.ActiveCfg = Debug|Any CPU
		{16ED25BE-BB75-45E3-8F66-013525A280B0}.Debug|x64.Build.0 = Debug|Any CPU
		{16ED25BE-BB75-45E3-8F66-013525A280B0}.Debug|x86.ActiveCfg = Debug|Any CPU
		{16ED25BE-BB75-45E3-8F66-013525A280B0}.Debug|x86.Build.0 = Debug|Any CPU
		{16ED25BE-BB75-45E3-8F66-013525A280B0}.Release|Any CPU.ActiveCfg = Release|Any CPU
		{16ED25BE-BB75-45E3-8F66-013525A280B0}.Release|Any CPU.Build.0 = Release|Any CPU
		{16ED25BE-BB75-45E3-8F66-013525A280B0}.Release|x64.ActiveCfg = Release|Any CPU
		{16ED25BE-BB75-45E3-8F66-013525A280B0}.Release|x64.Build.0 = Release|Any CPU
		{16ED25BE-BB75-45E3-8F66-013525A280B0}.Release|x86.ActiveCfg = Release|Any CPU
		{16ED25BE-BB75-45E3-8F66-013525A280B0}.Release|x86.Build.0 = Release|Any CPU
		{FC44E5AD-7BC0-41FE-94C0-53F39AEC404A}.Debug|Any CPU.ActiveCfg = Debug|Any CPU
		{FC44E5AD-7BC0-41FE-94C0-53F39AEC404A}.Debug|Any CPU.Build.0 = Debug|Any CPU
		{FC44E5AD-7BC0-41FE-94C0-53F39AEC404A}.Debug|x64.ActiveCfg = Debug|Any CPU
		{FC44E5AD-7BC0-41FE-94C0-53F39AEC404A}.Debug|x64.Build.0 = Debug|Any CPU
		{FC44E5AD-7BC0-41FE-94C0-53F39AEC404A}.Debug|x86.ActiveCfg = Debug|Any CPU
		{FC44E5AD-7BC0-41FE-94C0-53F39AEC404A}.Debug|x86.Build.0 = Debug|Any CPU
		{FC44E5AD-7BC0-41FE-94C0-53F39AEC404A}.Release|Any CPU.ActiveCfg = Release|Any CPU
		{FC44E5AD-7BC0-41FE-94C0-53F39AEC404A}.Release|Any CPU.Build.0 = Release|Any CPU
		{FC44E5AD-7BC0-41FE-94C0-53F39AEC404A}.Release|x64.ActiveCfg = Release|Any CPU
		{FC44E5AD-7BC0-41FE-94C0-53F39AEC404A}.Release|x64.Build.0 = Release|Any CPU
		{FC44E5AD-7BC0-41FE-94C0-53F39AEC404A}.Release|x86.ActiveCfg = Release|Any CPU
		{FC44E5AD-7BC0-41FE-94C0-53F39AEC404A}.Release|x86.Build.0 = Release|Any CPU
		{10E24123-FEDE-4104-8D28-4C6B03F9425F}.Debug|Any CPU.ActiveCfg = Debug|Any CPU
		{10E24123-FEDE-4104-8D28-4C6B03F9425F}.Debug|Any CPU.Build.0 = Debug|Any CPU
		{10E24123-FEDE-4104-8D28-4C6B03F9425F}.Debug|x64.ActiveCfg = Debug|Any CPU
		{10E24123-FEDE-4104-8D28-4C6B03F9425F}.Debug|x64.Build.0 = Debug|Any CPU
		{10E24123-FEDE-4104-8D28-4C6B03F9425F}.Debug|x86.ActiveCfg = Debug|Any CPU
		{10E24123-FEDE-4104-8D28-4C6B03F9425F}.Debug|x86.Build.0 = Debug|Any CPU
		{10E24123-FEDE-4104-8D28-4C6B03F9425F}.Release|Any CPU.ActiveCfg = Release|Any CPU
		{10E24123-FEDE-4104-8D28-4C6B03F9425F}.Release|Any CPU.Build.0 = Release|Any CPU
		{10E24123-FEDE-4104-8D28-4C6B03F9425F}.Release|x64.ActiveCfg = Release|Any CPU
		{10E24123-FEDE-4104-8D28-4C6B03F9425F}.Release|x64.Build.0 = Release|Any CPU
		{10E24123-FEDE-4104-8D28-4C6B03F9425F}.Release|x86.ActiveCfg = Release|Any CPU
		{10E24123-FEDE-4104-8D28-4C6B03F9425F}.Release|x86.Build.0 = Release|Any CPU
		{83317C3E-B018-4CB4-8889-701FE6C4C12B}.Debug|Any CPU.ActiveCfg = Debug|Any CPU
		{83317C3E-B018-4CB4-8889-701FE6C4C12B}.Debug|Any CPU.Build.0 = Debug|Any CPU
		{83317C3E-B018-4CB4-8889-701FE6C4C12B}.Debug|x64.ActiveCfg = Debug|Any CPU
		{83317C3E-B018-4CB4-8889-701FE6C4C12B}.Debug|x64.Build.0 = Debug|Any CPU
		{83317C3E-B018-4CB4-8889-701FE6C4C12B}.Debug|x86.ActiveCfg = Debug|Any CPU
		{83317C3E-B018-4CB4-8889-701FE6C4C12B}.Debug|x86.Build.0 = Debug|Any CPU
		{83317C3E-B018-4CB4-8889-701FE6C4C12B}.Release|Any CPU.ActiveCfg = Release|Any CPU
		{83317C3E-B018-4CB4-8889-701FE6C4C12B}.Release|Any CPU.Build.0 = Release|Any CPU
		{83317C3E-B018-4CB4-8889-701FE6C4C12B}.Release|x64.ActiveCfg = Release|Any CPU
		{83317C3E-B018-4CB4-8889-701FE6C4C12B}.Release|x64.Build.0 = Release|Any CPU
		{83317C3E-B018-4CB4-8889-701FE6C4C12B}.Release|x86.ActiveCfg = Release|Any CPU
		{83317C3E-B018-4CB4-8889-701FE6C4C12B}.Release|x86.Build.0 = Release|Any CPU
		{C7A19E89-932A-4BC2-9614-9DB6BB45211E}.Debug|Any CPU.ActiveCfg = Debug|Any CPU
		{C7A19E89-932A-4BC2-9614-9DB6BB45211E}.Debug|Any CPU.Build.0 = Debug|Any CPU
		{C7A19E89-932A-4BC2-9614-9DB6BB45211E}.Debug|x64.ActiveCfg = Debug|Any CPU
		{C7A19E89-932A-4BC2-9614-9DB6BB45211E}.Debug|x64.Build.0 = Debug|Any CPU
		{C7A19E89-932A-4BC2-9614-9DB6BB45211E}.Debug|x86.ActiveCfg = Debug|Any CPU
		{C7A19E89-932A-4BC2-9614-9DB6BB45211E}.Debug|x86.Build.0 = Debug|Any CPU
		{C7A19E89-932A-4BC2-9614-9DB6BB45211E}.Release|Any CPU.ActiveCfg = Release|Any CPU
		{C7A19E89-932A-4BC2-9614-9DB6BB45211E}.Release|Any CPU.Build.0 = Release|Any CPU
		{C7A19E89-932A-4BC2-9614-9DB6BB45211E}.Release|x64.ActiveCfg = Release|Any CPU
		{C7A19E89-932A-4BC2-9614-9DB6BB45211E}.Release|x64.Build.0 = Release|Any CPU
		{C7A19E89-932A-4BC2-9614-9DB6BB45211E}.Release|x86.ActiveCfg = Release|Any CPU
		{C7A19E89-932A-4BC2-9614-9DB6BB45211E}.Release|x86.Build.0 = Release|Any CPU
		{B2EAE79F-10CE-47BB-A31E-5E728324448D}.Debug|Any CPU.ActiveCfg = Debug|Any CPU
		{B2EAE79F-10CE-47BB-A31E-5E728324448D}.Debug|Any CPU.Build.0 = Debug|Any CPU
		{B2EAE79F-10CE-47BB-A31E-5E728324448D}.Debug|x64.ActiveCfg = Debug|Any CPU
		{B2EAE79F-10CE-47BB-A31E-5E728324448D}.Debug|x64.Build.0 = Debug|Any CPU
		{B2EAE79F-10CE-47BB-A31E-5E728324448D}.Debug|x86.ActiveCfg = Debug|Any CPU
		{B2EAE79F-10CE-47BB-A31E-5E728324448D}.Debug|x86.Build.0 = Debug|Any CPU
		{B2EAE79F-10CE-47BB-A31E-5E728324448D}.Release|Any CPU.ActiveCfg = Release|Any CPU
		{B2EAE79F-10CE-47BB-A31E-5E728324448D}.Release|Any CPU.Build.0 = Release|Any CPU
		{B2EAE79F-10CE-47BB-A31E-5E728324448D}.Release|x64.ActiveCfg = Release|Any CPU
		{B2EAE79F-10CE-47BB-A31E-5E728324448D}.Release|x64.Build.0 = Release|Any CPU
		{B2EAE79F-10CE-47BB-A31E-5E728324448D}.Release|x86.ActiveCfg = Release|Any CPU
		{B2EAE79F-10CE-47BB-A31E-5E728324448D}.Release|x86.Build.0 = Release|Any CPU
		{3007547C-3DBD-4358-99AD-7395DDD66B76}.Debug|Any CPU.ActiveCfg = Debug|Any CPU
		{3007547C-3DBD-4358-99AD-7395DDD66B76}.Debug|Any CPU.Build.0 = Debug|Any CPU
		{3007547C-3DBD-4358-99AD-7395DDD66B76}.Debug|x64.ActiveCfg = Debug|Any CPU
		{3007547C-3DBD-4358-99AD-7395DDD66B76}.Debug|x64.Build.0 = Debug|Any CPU
		{3007547C-3DBD-4358-99AD-7395DDD66B76}.Debug|x86.ActiveCfg = Debug|Any CPU
		{3007547C-3DBD-4358-99AD-7395DDD66B76}.Debug|x86.Build.0 = Debug|Any CPU
		{3007547C-3DBD-4358-99AD-7395DDD66B76}.Release|Any CPU.ActiveCfg = Release|Any CPU
		{3007547C-3DBD-4358-99AD-7395DDD66B76}.Release|Any CPU.Build.0 = Release|Any CPU
		{3007547C-3DBD-4358-99AD-7395DDD66B76}.Release|x64.ActiveCfg = Release|Any CPU
		{3007547C-3DBD-4358-99AD-7395DDD66B76}.Release|x64.Build.0 = Release|Any CPU
		{3007547C-3DBD-4358-99AD-7395DDD66B76}.Release|x86.ActiveCfg = Release|Any CPU
		{3007547C-3DBD-4358-99AD-7395DDD66B76}.Release|x86.Build.0 = Release|Any CPU
		{18273C2E-78DB-4591-8F9A-B3E4509F8574}.Debug|Any CPU.ActiveCfg = Debug|Any CPU
		{18273C2E-78DB-4591-8F9A-B3E4509F8574}.Debug|Any CPU.Build.0 = Debug|Any CPU
		{18273C2E-78DB-4591-8F9A-B3E4509F8574}.Debug|x64.ActiveCfg = Debug|Any CPU
		{18273C2E-78DB-4591-8F9A-B3E4509F8574}.Debug|x64.Build.0 = Debug|Any CPU
		{18273C2E-78DB-4591-8F9A-B3E4509F8574}.Debug|x86.ActiveCfg = Debug|Any CPU
		{18273C2E-78DB-4591-8F9A-B3E4509F8574}.Debug|x86.Build.0 = Debug|Any CPU
		{18273C2E-78DB-4591-8F9A-B3E4509F8574}.Release|Any CPU.ActiveCfg = Release|Any CPU
		{18273C2E-78DB-4591-8F9A-B3E4509F8574}.Release|Any CPU.Build.0 = Release|Any CPU
		{18273C2E-78DB-4591-8F9A-B3E4509F8574}.Release|x64.ActiveCfg = Release|Any CPU
		{18273C2E-78DB-4591-8F9A-B3E4509F8574}.Release|x64.Build.0 = Release|Any CPU
		{18273C2E-78DB-4591-8F9A-B3E4509F8574}.Release|x86.ActiveCfg = Release|Any CPU
		{18273C2E-78DB-4591-8F9A-B3E4509F8574}.Release|x86.Build.0 = Release|Any CPU
		{D2B16811-1201-4862-8E85-B937AF686A5F}.Debug|Any CPU.ActiveCfg = Debug|Any CPU
		{D2B16811-1201-4862-8E85-B937AF686A5F}.Debug|Any CPU.Build.0 = Debug|Any CPU
		{D2B16811-1201-4862-8E85-B937AF686A5F}.Debug|x64.ActiveCfg = Debug|Any CPU
		{D2B16811-1201-4862-8E85-B937AF686A5F}.Debug|x64.Build.0 = Debug|Any CPU
		{D2B16811-1201-4862-8E85-B937AF686A5F}.Debug|x86.ActiveCfg = Debug|Any CPU
		{D2B16811-1201-4862-8E85-B937AF686A5F}.Debug|x86.Build.0 = Debug|Any CPU
		{D2B16811-1201-4862-8E85-B937AF686A5F}.Release|Any CPU.ActiveCfg = Release|Any CPU
		{D2B16811-1201-4862-8E85-B937AF686A5F}.Release|Any CPU.Build.0 = Release|Any CPU
		{D2B16811-1201-4862-8E85-B937AF686A5F}.Release|x64.ActiveCfg = Release|Any CPU
		{D2B16811-1201-4862-8E85-B937AF686A5F}.Release|x64.Build.0 = Release|Any CPU
		{D2B16811-1201-4862-8E85-B937AF686A5F}.Release|x86.ActiveCfg = Release|Any CPU
		{D2B16811-1201-4862-8E85-B937AF686A5F}.Release|x86.Build.0 = Release|Any CPU
		{FD73EAC0-C884-4A8B-957B-308428305973}.Debug|Any CPU.ActiveCfg = Debug|Any CPU
		{FD73EAC0-C884-4A8B-957B-308428305973}.Debug|Any CPU.Build.0 = Debug|Any CPU
		{FD73EAC0-C884-4A8B-957B-308428305973}.Debug|x64.ActiveCfg = Debug|Any CPU
		{FD73EAC0-C884-4A8B-957B-308428305973}.Debug|x64.Build.0 = Debug|Any CPU
		{FD73EAC0-C884-4A8B-957B-308428305973}.Debug|x86.ActiveCfg = Debug|Any CPU
		{FD73EAC0-C884-4A8B-957B-308428305973}.Debug|x86.Build.0 = Debug|Any CPU
		{FD73EAC0-C884-4A8B-957B-308428305973}.Release|Any CPU.ActiveCfg = Release|Any CPU
		{FD73EAC0-C884-4A8B-957B-308428305973}.Release|Any CPU.Build.0 = Release|Any CPU
		{FD73EAC0-C884-4A8B-957B-308428305973}.Release|x64.ActiveCfg = Release|Any CPU
		{FD73EAC0-C884-4A8B-957B-308428305973}.Release|x64.Build.0 = Release|Any CPU
		{FD73EAC0-C884-4A8B-957B-308428305973}.Release|x86.ActiveCfg = Release|Any CPU
		{FD73EAC0-C884-4A8B-957B-308428305973}.Release|x86.Build.0 = Release|Any CPU
		{2909BF16-AF25-422A-A30F-D954DD114F5E}.Debug|Any CPU.ActiveCfg = Debug|Any CPU
		{2909BF16-AF25-422A-A30F-D954DD114F5E}.Debug|Any CPU.Build.0 = Debug|Any CPU
		{2909BF16-AF25-422A-A30F-D954DD114F5E}.Debug|x64.ActiveCfg = Debug|Any CPU
		{2909BF16-AF25-422A-A30F-D954DD114F5E}.Debug|x64.Build.0 = Debug|Any CPU
		{2909BF16-AF25-422A-A30F-D954DD114F5E}.Debug|x86.ActiveCfg = Debug|Any CPU
		{2909BF16-AF25-422A-A30F-D954DD114F5E}.Debug|x86.Build.0 = Debug|Any CPU
		{2909BF16-AF25-422A-A30F-D954DD114F5E}.Release|Any CPU.ActiveCfg = Release|Any CPU
		{2909BF16-AF25-422A-A30F-D954DD114F5E}.Release|Any CPU.Build.0 = Release|Any CPU
		{2909BF16-AF25-422A-A30F-D954DD114F5E}.Release|x64.ActiveCfg = Release|Any CPU
		{2909BF16-AF25-422A-A30F-D954DD114F5E}.Release|x64.Build.0 = Release|Any CPU
		{2909BF16-AF25-422A-A30F-D954DD114F5E}.Release|x86.ActiveCfg = Release|Any CPU
		{2909BF16-AF25-422A-A30F-D954DD114F5E}.Release|x86.Build.0 = Release|Any CPU
		{7E228400-2F68-470E-A30A-29055EBE8B96}.Debug|Any CPU.ActiveCfg = Debug|Any CPU
		{7E228400-2F68-470E-A30A-29055EBE8B96}.Debug|Any CPU.Build.0 = Debug|Any CPU
		{7E228400-2F68-470E-A30A-29055EBE8B96}.Debug|x64.ActiveCfg = Debug|Any CPU
		{7E228400-2F68-470E-A30A-29055EBE8B96}.Debug|x64.Build.0 = Debug|Any CPU
		{7E228400-2F68-470E-A30A-29055EBE8B96}.Debug|x86.ActiveCfg = Debug|Any CPU
		{7E228400-2F68-470E-A30A-29055EBE8B96}.Debug|x86.Build.0 = Debug|Any CPU
		{7E228400-2F68-470E-A30A-29055EBE8B96}.Release|Any CPU.ActiveCfg = Release|Any CPU
		{7E228400-2F68-470E-A30A-29055EBE8B96}.Release|Any CPU.Build.0 = Release|Any CPU
		{7E228400-2F68-470E-A30A-29055EBE8B96}.Release|x64.ActiveCfg = Release|Any CPU
		{7E228400-2F68-470E-A30A-29055EBE8B96}.Release|x64.Build.0 = Release|Any CPU
		{7E228400-2F68-470E-A30A-29055EBE8B96}.Release|x86.ActiveCfg = Release|Any CPU
		{7E228400-2F68-470E-A30A-29055EBE8B96}.Release|x86.Build.0 = Release|Any CPU
		{1900FC3C-F39F-46F6-9FF9-54979E6F8D8F}.Debug|Any CPU.ActiveCfg = Debug|Any CPU
		{1900FC3C-F39F-46F6-9FF9-54979E6F8D8F}.Debug|Any CPU.Build.0 = Debug|Any CPU
		{1900FC3C-F39F-46F6-9FF9-54979E6F8D8F}.Debug|x64.ActiveCfg = Debug|Any CPU
		{1900FC3C-F39F-46F6-9FF9-54979E6F8D8F}.Debug|x64.Build.0 = Debug|Any CPU
		{1900FC3C-F39F-46F6-9FF9-54979E6F8D8F}.Debug|x86.ActiveCfg = Debug|Any CPU
		{1900FC3C-F39F-46F6-9FF9-54979E6F8D8F}.Debug|x86.Build.0 = Debug|Any CPU
		{1900FC3C-F39F-46F6-9FF9-54979E6F8D8F}.Release|Any CPU.ActiveCfg = Release|Any CPU
		{1900FC3C-F39F-46F6-9FF9-54979E6F8D8F}.Release|Any CPU.Build.0 = Release|Any CPU
		{1900FC3C-F39F-46F6-9FF9-54979E6F8D8F}.Release|x64.ActiveCfg = Release|Any CPU
		{1900FC3C-F39F-46F6-9FF9-54979E6F8D8F}.Release|x64.Build.0 = Release|Any CPU
		{1900FC3C-F39F-46F6-9FF9-54979E6F8D8F}.Release|x86.ActiveCfg = Release|Any CPU
		{1900FC3C-F39F-46F6-9FF9-54979E6F8D8F}.Release|x86.Build.0 = Release|Any CPU
		{4A1F89FD-CB4C-48F4-BCAD-11D6A8DA61E7}.Debug|Any CPU.ActiveCfg = Debug|Any CPU
		{4A1F89FD-CB4C-48F4-BCAD-11D6A8DA61E7}.Debug|Any CPU.Build.0 = Debug|Any CPU
		{4A1F89FD-CB4C-48F4-BCAD-11D6A8DA61E7}.Debug|x64.ActiveCfg = Debug|Any CPU
		{4A1F89FD-CB4C-48F4-BCAD-11D6A8DA61E7}.Debug|x64.Build.0 = Debug|Any CPU
		{4A1F89FD-CB4C-48F4-BCAD-11D6A8DA61E7}.Debug|x86.ActiveCfg = Debug|Any CPU
		{4A1F89FD-CB4C-48F4-BCAD-11D6A8DA61E7}.Debug|x86.Build.0 = Debug|Any CPU
		{4A1F89FD-CB4C-48F4-BCAD-11D6A8DA61E7}.Release|Any CPU.ActiveCfg = Release|Any CPU
		{4A1F89FD-CB4C-48F4-BCAD-11D6A8DA61E7}.Release|Any CPU.Build.0 = Release|Any CPU
		{4A1F89FD-CB4C-48F4-BCAD-11D6A8DA61E7}.Release|x64.ActiveCfg = Release|Any CPU
		{4A1F89FD-CB4C-48F4-BCAD-11D6A8DA61E7}.Release|x64.Build.0 = Release|Any CPU
		{4A1F89FD-CB4C-48F4-BCAD-11D6A8DA61E7}.Release|x86.ActiveCfg = Release|Any CPU
		{4A1F89FD-CB4C-48F4-BCAD-11D6A8DA61E7}.Release|x86.Build.0 = Release|Any CPU
	EndGlobalSection
	GlobalSection(SolutionProperties) = preSolution
		HideSolutionNode = FALSE
	EndGlobalSection
	GlobalSection(NestedProjects) = preSolution
		{16ED25BE-BB75-45E3-8F66-013525A280B0} = {827E0CD3-B72D-47B6-A68D-7590B98EB39B}
		{FC44E5AD-7BC0-41FE-94C0-53F39AEC404A} = {827E0CD3-B72D-47B6-A68D-7590B98EB39B}
		{10E24123-FEDE-4104-8D28-4C6B03F9425F} = {827E0CD3-B72D-47B6-A68D-7590B98EB39B}
		{83317C3E-B018-4CB4-8889-701FE6C4C12B} = {827E0CD3-B72D-47B6-A68D-7590B98EB39B}
		{C7A19E89-932A-4BC2-9614-9DB6BB45211E} = {827E0CD3-B72D-47B6-A68D-7590B98EB39B}
		{B2EAE79F-10CE-47BB-A31E-5E728324448D} = {827E0CD3-B72D-47B6-A68D-7590B98EB39B}
		{3007547C-3DBD-4358-99AD-7395DDD66B76} = {827E0CD3-B72D-47B6-A68D-7590B98EB39B}
		{18273C2E-78DB-4591-8F9A-B3E4509F8574} = {0AB3BF05-4346-4AA6-1389-037BE0695223}
		{D2B16811-1201-4862-8E85-B937AF686A5F} = {0AB3BF05-4346-4AA6-1389-037BE0695223}
		{FD73EAC0-C884-4A8B-957B-308428305973} = {0AB3BF05-4346-4AA6-1389-037BE0695223}
		{2909BF16-AF25-422A-A30F-D954DD114F5E} = {0AB3BF05-4346-4AA6-1389-037BE0695223}
		{7E228400-2F68-470E-A30A-29055EBE8B96} = {07C2787E-EAC7-C090-1BA3-A61EC2A24D84}
		{1900FC3C-F39F-46F6-9FF9-54979E6F8D8F} = {0AB3BF05-4346-4AA6-1389-037BE0695223}
		{4A1F89FD-CB4C-48F4-BCAD-11D6A8DA61E7} = {0AB3BF05-4346-4AA6-1389-037BE0695223}
	EndGlobalSection
EndGlobal
